
Microsoft Visual Studio Solution File, Format Version 12.00
# Visual Studio Version 17
VisualStudioVersion = 17.13.35828.75 d17.13
MinimumVisualStudioVersion = 10.0.40219.1
Project("{FAE04EC0-301F-11D3-BF4B-00C04F79EFBC}") = "Robo-Tupiniquim.ConsoleApp", "Robo-Tupiniquim.ConsoleApp\Robo-Tupiniquim.ConsoleApp.csproj", "{8CAA231E-87B3-44B8-9154-795E124F5797}"
EndProject
Global
	GlobalSection(SolutionConfigurationPlatforms) = preSolution
		Debug|Any CPU = Debug|Any CPU
		Release|Any CPU = Release|Any CPU
	EndGlobalSection
	GlobalSection(ProjectConfigurationPlatforms) = postSolution
		{8CAA231E-87B3-44B8-9154-795E124F5797}.Debug|Any CPU.ActiveCfg = Debug|Any CPU
		{8CAA231E-87B3-44B8-9154-795E124F5797}.Debug|Any CPU.Build.0 = Debug|Any CPU
		{8CAA231E-87B3-44B8-9154-795E124F5797}.Release|Any CPU.ActiveCfg = Release|Any CPU
		{8CAA231E-87B3-44B8-9154-795E124F5797}.Release|Any CPU.Build.0 = Release|Any CPU
	EndGlobalSection
	GlobalSection(SolutionProperties) = preSolution
		HideSolutionNode = FALSE
	EndGlobalSection
	GlobalSection(ExtensibilityGlobals) = postSolution
		SolutionGuid = {EBD94977-829B-4B55-9469-349C03345A88}
	EndGlobalSection
EndGlobal
